
Microsoft Visual Studio Solution File, Format Version 12.00
# Visual Studio Version 16
VisualStudioVersion = 16.0.32126.315
MinimumVisualStudioVersion = 10.0.40219.1
Project("{FAE04EC0-301F-11D3-BF4B-00C04F79EFBC}") = "TetWebApplication", "TetWebApplication\TetWebApplication.csproj", "{D95AB03E-32A1-4C4C-BF30-6F73DB3B73FA}"
EndProject
Project("{2150E333-8FDC-42A3-9474-1A3956D46DE8}") = "Test", "Test", "{37C212C4-538F-4254-9ADF-AD765BB9464F}"
EndProject
Project("{2150E333-8FDC-42A3-9474-1A3956D46DE8}") = "Host", "Host", "{A67AEF9F-FC95-419A-98C8-9BF127C72562}"
EndProject
Project("{FAE04EC0-301F-11D3-BF4B-00C04F79EFBC}") = "Server", "Server\Server.csproj", "{7DE65CE0-6C01-4825-8D6A-7241A2D200C3}"
EndProject
Global
	GlobalSection(SolutionConfigurationPlatforms) = preSolution
		Debug|Any CPU = Debug|Any CPU
		Release|Any CPU = Release|Any CPU
	EndGlobalSection
	GlobalSection(ProjectConfigurationPlatforms) = postSolution
		{D95AB03E-32A1-4C4C-BF30-6F73DB3B73FA}.Debug|Any CPU.ActiveCfg = Debug|Any CPU
		{D95AB03E-32A1-4C4C-BF30-6F73DB3B73FA}.Debug|Any CPU.Build.0 = Debug|Any CPU
		{D95AB03E-32A1-4C4C-BF30-6F73DB3B73FA}.Release|Any CPU.ActiveCfg = Release|Any CPU
		{D95AB03E-32A1-4C4C-BF30-6F73DB3B73FA}.Release|Any CPU.Build.0 = Release|Any CPU
		{7DE65CE0-6C01-4825-8D6A-7241A2D200C3}.Debug|Any CPU.ActiveCfg = Debug|Any CPU
		{7DE65CE0-6C01-4825-8D6A-7241A2D200C3}.Debug|Any CPU.Build.0 = Debug|Any CPU
		{7DE65CE0-6C01-4825-8D6A-7241A2D200C3}.Release|Any CPU.ActiveCfg = Release|Any CPU
		{7DE65CE0-6C01-4825-8D6A-7241A2D200C3}.Release|Any CPU.Build.0 = Release|Any CPU
	EndGlobalSection
	GlobalSection(SolutionProperties) = preSolution
		HideSolutionNode = FALSE
	EndGlobalSection
	GlobalSection(NestedProjects) = preSolution
		{D95AB03E-32A1-4C4C-BF30-6F73DB3B73FA} = {A67AEF9F-FC95-419A-98C8-9BF127C72562}
		{7DE65CE0-6C01-4825-8D6A-7241A2D200C3} = {37C212C4-538F-4254-9ADF-AD765BB9464F}
	EndGlobalSection
	GlobalSection(ExtensibilityGlobals) = postSolution
		SolutionGuid = {7DAE3FFD-C631-4B67-BE2A-2E9AF2E14E5F}
	EndGlobalSection
EndGlobal
